
Microsoft Visual Studio Solution File, Format Version 12.00
# Visual Studio Version 17
VisualStudioVersion = 17.11.35312.102
MinimumVisualStudioVersion = 10.0.40219.1
Project("{888888A0-9F3D-457C-B088-3A5042F75D52}") = "HeteroMILE", "HeteroMILE.pyproj", "{FF6C8A19-475B-44C2-895D-41B4A106BD9E}"
EndProject
Global
	GlobalSection(SolutionConfigurationPlatforms) = preSolution
		Debug|Any CPU = Debug|Any CPU
		Release|Any CPU = Release|Any CPU
	EndGlobalSection
	GlobalSection(ProjectConfigurationPlatforms) = postSolution
		{FF6C8A19-475B-44C2-895D-41B4A106BD9E}.Debug|Any CPU.ActiveCfg = Debug|Any CPU
		{FF6C8A19-475B-44C2-895D-41B4A106BD9E}.Release|Any CPU.ActiveCfg = Release|Any CPU
	EndGlobalSection
	GlobalSection(SolutionProperties) = preSolution
		HideSolutionNode = FALSE
	EndGlobalSection
	GlobalSection(ExtensibilityGlobals) = postSolution
		SolutionGuid = {D0FE2C77-CC5D-4442-91E0-09FD16550495}
	EndGlobalSection
EndGlobal
